
Microsoft Visual Studio Solution File, Format Version 12.00
# Visual Studio 15
VisualStudioVersion = 15.0.28307.645
MinimumVisualStudioVersion = 10.0.40219.1
Project("{FAE04EC0-301F-11D3-BF4B-00C04F79EFBC}") = "Ex04.Menus.Interfaces", "Ex04.Menus.Interfaces\Ex04.Menus.Interfaces.csproj", "{B914D04F-957A-4556-8D30-44B66645C3B1}"
EndProject
Project("{FAE04EC0-301F-11D3-BF4B-00C04F79EFBC}") = "Ex04.Menus.Delegates", "Ex04.Menus.Delegates\Ex04.Menus.Delegates.csproj", "{82E95583-F91F-43CD-BDE9-29CD421B6BBB}"
EndProject
Project("{FAE04EC0-301F-11D3-BF4B-00C04F79EFBC}") = "Ex04.Menus.Test", "Ex04.Menus.Test\Ex04.Menus.Test.csproj", "{143B5E8B-B05E-474C-9385-711F86EF4718}"
EndProject
Global
	GlobalSection(SolutionConfigurationPlatforms) = preSolution
		Debug|Any CPU = Debug|Any CPU
		Release|Any CPU = Release|Any CPU
	EndGlobalSection
	GlobalSection(ProjectConfigurationPlatforms) = postSolution
		{B914D04F-957A-4556-8D30-44B66645C3B1}.Debug|Any CPU.ActiveCfg = Debug|Any CPU
		{B914D04F-957A-4556-8D30-44B66645C3B1}.Debug|Any CPU.Build.0 = Debug|Any CPU
		{B914D04F-957A-4556-8D30-44B66645C3B1}.Release|Any CPU.ActiveCfg = Release|Any CPU
		{B914D04F-957A-4556-8D30-44B66645C3B1}.Release|Any CPU.Build.0 = Release|Any CPU
		{82E95583-F91F-43CD-BDE9-29CD421B6BBB}.Debug|Any CPU.ActiveCfg = Debug|Any CPU
		{82E95583-F91F-43CD-BDE9-29CD421B6BBB}.Debug|Any CPU.Build.0 = Debug|Any CPU
		{82E95583-F91F-43CD-BDE9-29CD421B6BBB}.Release|Any CPU.ActiveCfg = Release|Any CPU
		{82E95583-F91F-43CD-BDE9-29CD421B6BBB}.Release|Any CPU.Build.0 = Release|Any CPU
		{143B5E8B-B05E-474C-9385-711F86EF4718}.Debug|Any CPU.ActiveCfg = Debug|Any CPU
		{143B5E8B-B05E-474C-9385-711F86EF4718}.Debug|Any CPU.Build.0 = Debug|Any CPU
		{143B5E8B-B05E-474C-9385-711F86EF4718}.Release|Any CPU.ActiveCfg = Release|Any CPU
		{143B5E8B-B05E-474C-9385-711F86EF4718}.Release|Any CPU.Build.0 = Release|Any CPU
	EndGlobalSection
	GlobalSection(SolutionProperties) = preSolution
		HideSolutionNode = FALSE
	EndGlobalSection
	GlobalSection(ExtensibilityGlobals) = postSolution
		SolutionGuid = {F0E00F69-BFD1-4F5B-8F28-DEBCA6F0A8FB}
	EndGlobalSection
EndGlobal
